{"1.2.0",
[{<<"amqp_client">>,{pkg,<<"amqp_client">>,<<"3.12.14">>},1},
 {<<"base16">>,
  {git,"https://github.com/esl/base16.git",
       {ref,"f78918e7b593fbdc35ec9bcc349aa50f47f45a8b"}},
  0},
 {<<"bear">>,{pkg,<<"bear">>,<<"1.0.0">>},3},
 {<<"cache_tab">>,{pkg,<<"cache_tab">>,<<"1.0.30">>},0},
 {<<"cowboy">>,
  {git,"https://github.com/ninenines/cowboy",
       {ref,"9e600f6c1df3c440bc196b66ebbc005d70107217"}},
  0},
 {<<"cowlib">>,
  {git,"https://github.com/ninenines/cowlib",
       {ref,"cc04201c1d0e1d5603cd1cde037ab729b192634c"}},
  1},
 {<<"credentials_obfuscation">>,
  {pkg,<<"credentials_obfuscation">>,<<"3.4.0">>},
  2},
 {<<"diffy">>,
  {git,"https://github.com/zotonic/diffy.git",
       {ref,"143648d361dad187c97446e2d3d4d988cf3179a6"}},
  0},
 {<<"eel">>,
  {git,"https://github.com/williamthome/eel.git",
       {ref,"7f19388fbbcbe1dfba90c49ccd3b03bb68dce78e"}},
  0},
 {<<"eini">>,{pkg,<<"eini">>,<<"1.2.9">>},1},
 {<<"erlcloud">>,
  {git,"https://github.com/erlcloud/erlcloud.git",
       {ref,"f16290b9f856d6ad708b3fe87049abbc8ec93bb4"}},
  0},
 {<<"erlsom">>,
  {git,"https://github.com/willemdj/erlsom.git",
       {ref,"d5d33cf3d3266109afd70ba6c92756c50e2b9dbc"}},
  0},
 {<<"exometer_core">>,{pkg,<<"exometer_core">>,<<"1.6.1">>},1},
 {<<"flatlog">>,
  {git,"https://github.com/Phonebooth/flatlog.git",
       {ref,"61896785aced194eab38525cc4ece63b070b10df"}},
  0},
 {<<"folsom">>,{pkg,<<"folsom">>,<<"1.0.0">>},2},
 {<<"fs">>,{pkg,<<"fs">>,<<"6.1.1">>},1},
 {<<"gen_smtp">>,
  {git,"https://github.com/Vagabond/gen_smtp.git",
       {ref,"6ec763591095e1a0f448a7a602f71a23ff31361b"}},
  0},
 {<<"gproc">>,{pkg,<<"gproc">>,<<"1.0.0">>},1},
 {<<"hut">>,{pkg,<<"hut">>,<<"1.3.0">>},2},
 {<<"imetrics">>,
  {git,"https://github.com/relaypro-open/imetrics.git",
       {ref,"c1089cdc8a7ced5c991c2d99c8e3157946ba8541"}},
  0},
 {<<"jesse">>,
  {git,"https://github.com/for-GET/jesse.git",
       {ref,"ef0e038a0efa27c7e42fc6cfd963d06eec7c33d8"}},
  0},
 {<<"jsn">>,{pkg,<<"jsn">>,<<"2.2.2">>},0},
 {<<"jsx">>,
  {git,"https://github.com/talentdeficit/jsx.git",
       {ref,"fc2a001073f2300ba38427c23e83d5673c020542"}},
  0},
 {<<"lhttpc">>,{pkg,<<"lhttpc">>,<<"1.6.2">>},1},
 {<<"maps_utils">>,
  {git,"https://github.com/egobrain/maps_utils.git",
       {ref,"0d571c743ff7aa15f0c16177c113109a25d06670"}},
  0},
 {<<"nested">>,{pkg,<<"nested">>,<<"0.1.2">>},0},
 {<<"observer_cli">>,{pkg,<<"observer_cli">>,<<"1.7.4">>},0},
 {<<"p1_utils">>,{pkg,<<"p1_utils">>,<<"1.0.25">>},1},
 {<<"parse_trans">>,{pkg,<<"parse_trans">>,<<"3.4.1">>},2},
 {<<"plists">>,
  {git,"https://github.com/silviucpp/plists.git",
       {ref,"be6c911bb9a007f083ba49cd296dc0da7a02e4ca"}},
  0},
 {<<"poolboy">>,{pkg,<<"poolboy">>,<<"1.5.2">>},0},
 {<<"proper">>,{pkg,<<"proper">>,<<"1.2.0">>},1},
 {<<"quickrand">>,{pkg,<<"quickrand">>,<<"1.7.5">>},2},
 {<<"rabbit_common">>,{pkg,<<"rabbit_common">>,<<"3.12.14">>},2},
 {<<"ranch">>,
  {git,"https://github.com/ninenines/ranch",
       {ref,"a692f44567034dacf5efcaa24a24183788594eb7"}},
  1},
 {<<"recon">>,
  {git,"https://github.com/ferd/recon.git",
       {ref,"34194da6d9f8ed25f274e0ebb098dc9e95bcf547"}},
  0},
 {<<"rethink">>,
  {git,"https://github.com/relaypro-open/rethink-erlang.git",
       {ref,"489adfb9578943c97469e524373904b8e54f069a"}},
  0},
 {<<"rfc3339">>,{pkg,<<"rfc3339">>,<<"0.2.2">>},1},
 {<<"setup">>,{pkg,<<"setup">>,<<"2.1.0">>},2},
 {<<"ssl_verify_fun">>,{pkg,<<"ssl_verify_fun">>,<<"1.1.6">>},0},
 {<<"sync">>,
  {git,"https://github.com/rustyio/sync.git",
       {ref,"7dc303ed4ce8d26db82e171dbbd7c41067852c65"}},
  0},
 {<<"thoas">>,{pkg,<<"thoas">>,<<"1.0.0">>},3},
 {<<"turtle">>,
  {git,"https://github.com/relaypro-open/turtle.git",
       {ref,"63d4eb36782aa0aa53da173218e951fc1c47df32"}},
  0},
 {<<"uuid">>,{pkg,<<"uuid_erl">>,<<"1.7.1">>},1},
 {<<"zotonic_stdlib">>,{pkg,<<"zotonic_stdlib">>,<<"1.0.0-alpha2">>},1}]}.
[
{pkg_hash,[
 {<<"amqp_client">>, <<"2B677BC3F2E2234BA7517042B25D72071A79735042E91F9116BD3C176854B622">>},
 {<<"bear">>, <<"430419C1126B477686CDE843E88BA0F2C7DC5CDF0881C677500074F704339A99">>},
 {<<"cache_tab">>, <<"6D35EECFB65FBE5FC85988503A27338D32DE01243F3FC8EA3EE7161AF08725A4">>},
 {<<"credentials_obfuscation">>, <<"34E18B126B3AEFD6E8143776FBE1CECEEA6792307C99AC5EE8687911F048CFD7">>},
 {<<"eini">>, <<"FCC3CBD49BBDD9A1D9735C7365DAFFCD84481CCE81E6CB80537883AA44AC4895">>},
 {<<"exometer_core">>, <<"742ED00E1F10F8BEFF61A0F43E105C78C2F982E10F1C4E740D59DF89924C65EA">>},
 {<<"folsom">>, <<"50ECC998D2149939F1D5E0AA3E32788F8ED16A58E390D81B5C0BE4CC4EF25589">>},
 {<<"fs">>, <<"9D147B944D60CFA48A349F12D06C8EE71128F610C90870BDF9A6773206452ED0">>},
 {<<"gproc">>, <<"AA9EC57F6C9FF065B16D96924168D7C7157CD1FD457680EFE4B1274F456FA500">>},
 {<<"hut">>, <<"71F2F054E657C03F959CF1ACC43F436EA87580696528CA2A55C8AFB1B06C85E7">>},
 {<<"jsn">>, <<"04C32D23AE8788719BE81250DB06C45100113CF6FC3D83C40FA4FF40C04476C8">>},
 {<<"lhttpc">>, <<"044F16F0018C7AA7E945E9E9406C7F6035E0B8BC08BF77B00C78CE260E1071E3">>},
 {<<"nested">>, <<"D411ABF7FDB6D6BCAC4A0E0769705649870E1046A98899001C282351E57C038D">>},
 {<<"observer_cli">>, <<"3C1BFB6D91BF68F6A3D15F46AE20DA0F7740D363EE5BC041191CE8722A6C4FAE">>},
 {<<"p1_utils">>, <<"2D39B5015A567BBD2CC7033EEB93A7C60D8C84EFE1EF69A3473FAA07FA268187">>},
 {<<"parse_trans">>, <<"6E6AA8167CB44CC8F39441D05193BE6E6F4E7C2946CB2759F015F8C56B76E5FF">>},
 {<<"poolboy">>, <<"392B007A1693A64540CEAD79830443ABF5762F5D30CF50BC95CB2C1AAAFA006B">>},
 {<<"proper">>, <<"1466492385959412A02871505434E72E92765958C60DBA144B43863554B505A4">>},
 {<<"quickrand">>, <<"E3086A153EB13A057FC19192D05E2D4C6BB2BDBB55746A699BEAE9847AC17CA8">>},
 {<<"rabbit_common">>, <<"466123EE7346A3CDAC078C0C302BCD36DA4523E8ACD678C1B992F7B4DF1F7914">>},
 {<<"rfc3339">>, <<"1552DF616ACA368D982E9F085A0E933B6688A3F4938A671798978EC2C0C58730">>},
 {<<"setup">>, <<"05F69185A5EB71474C9BC6BA892565651EC7507791F85632B7B914DBFE130510">>},
 {<<"ssl_verify_fun">>, <<"CF344F5692C82D2CD7554F5EC8FD961548D4FD09E7D22F5B62482E5AEAEBD4B0">>},
 {<<"thoas">>, <<"567C03902920827A18A89F05B79A37B5BF93553154B883E0131801600CF02CE0">>},
 {<<"uuid">>, <<"252D12D1154BC75C40BC03E2E67714BD843DDFAD40FD3BC1541F65F622C9E7FC">>},
 {<<"zotonic_stdlib">>, <<"62625C995D0ED0DF4DA314BEFA47605D78FEF121A0CAF65521557D6725D40B0A">>}]},
{pkg_hash_ext,[
 {<<"amqp_client">>, <<"5F70B6C3B1A739790080DA4FDDC94A867E99F033C4B1EDC20D6FF8B8FB4BD160">>},
 {<<"bear">>, <<"157B67901ADF84FF0DA6EAE035CA1292A0AC18AA55148154D8C582B2C68959DB">>},
 {<<"cache_tab">>, <<"6D8A5E00D8F84C42627706A6DBEDB02E34D58495F3ED61935C8475CA0531CDA0">>},
 {<<"credentials_obfuscation">>, <<"738ACE0ED5545D2710D3F7383906FC6F6B582D019036E5269C4DBD85DBCED566">>},
 {<<"eini">>, <<"DA64AE8DB7C2F502E6F20CDF44CD3D9BE364412B87FF49FEBF282540F673DFCB">>},
 {<<"exometer_core">>, <<"EC1AF0A961F29B3854F61B594C79454D26AC7B1F6CB89BBF0688BFF65F6A6D6B">>},
 {<<"folsom">>, <<"DD6AB97278E94F9E4CFC43E188224A7B8C7EAEC0DD2E935007005177F3EEBB0E">>},
 {<<"fs">>, <<"EF94E95FFE79916860649FED80AC62B04C322B0BB70F5128144C026B4D171F8B">>},
 {<<"gproc">>, <<"109F253C2787DE8A371A51179D4973230CBEC6239EE673FA12216A5CE7E4F902">>},
 {<<"hut">>, <<"7E15D28555D8A1F2B5A3A931EC120AF0753E4853A4C66053DB354F35BF9AB563">>},
 {<<"jsn">>, <<"9C6AE38697794694F87A078E1A9E597D4D7B1CCFFC359F98655F7B274F4E8F9A">>},
 {<<"lhttpc">>, <<"76B5FA6149D1E10D4B1FBC4EBD51D371DB19C1AB9F0A9ECF5B526440DF064E97">>},
 {<<"nested">>, <<"9CC79D6072C89FB5B5AB5F3FEFEECE3CC6C26097EE86381B66817D97E55DFC6E">>},
 {<<"observer_cli">>, <<"50DE6D95D814F447458BD5D72666A74624EDDB0EF98BDCEE61A0153AAE0865FF">>},
 {<<"p1_utils">>, <<"9219214428F2C6E5D3187FF8EB9A8783695C2427420BE9A259840E07ADA32847">>},
 {<<"parse_trans">>, <<"620A406CE75DADA827B82E453C19CF06776BE266F5A67CFF34E1EF2CBB60E49A">>},
 {<<"poolboy">>, <<"DAD79704CE5440F3D5A3681C8590B9DC25D1A561E8F5A9C995281012860901E3">>},
 {<<"proper">>, <<"CBC3766C08337806741343D330BF4BCB826155D2141BE8514C4B02858AA19FD3">>},
 {<<"quickrand">>, <<"6A1DA81FE098C0DFCFB55C5E35C20BE430128E88BBFA03D18FCF9E0EE8E342D7">>},
 {<<"rabbit_common">>, <<"70C31A51F7401CC0204DDEF2745D98680C2E0DF67E3B0C9E198916881FDE3293">>},
 {<<"rfc3339">>, <<"986D7F9BAC6891AA4D5051690058DE4E623245620BBEADA7F239F85C4DF8F23C">>},
 {<<"setup">>, <<"EFD072578F0CF85BEA96CAAFFC7ADB0992398272522660A136E10567377071C5">>},
 {<<"ssl_verify_fun">>, <<"BDB0D2471F453C88FF3908E7686F86F9BE327D065CC1EC16FA4540197EA04680">>},
 {<<"thoas">>, <<"FC763185B932ECB32A554FB735EE03C3B6B1B31366077A2427D2A97F3BD26735">>},
 {<<"uuid">>, <<"FD965C66D45833A3483678D0CF94CE77668253CAB05F5E892B8F7CC7203333A6">>},
 {<<"zotonic_stdlib">>, <<"F072AF4078EA6C52AD057D48FE7E52BBA36BFFD1BFB3C0AB4540A4AEA70DDB8B">>}]}
].
