{"1.1.0",
[{<<"amqp_client">>,
  {git,"https://github.com/jbrisbin/amqp_client.git",
       {ref,"d50aec00b94f0766a048b4eceaf25ddfdeeb1d86"}},
  1},
 {<<"base16">>,
  {git,"https://github.com/goj/base16.git",
       {ref,"f78918e7b593fbdc35ec9bcc349aa50f47f45a8b"}},
  0},
 {<<"cache_tab">>,
  {git,"git@github.com:relaypro-open/cache_tab.git",
       {ref,"47be88d6f69af6ce555e6615ca409e43def253d1"}},
  0},
 {<<"conv_case">>,{pkg,<<"conv_case">>,<<"0.2.2">>},1},
 {<<"corman">>,
  {git,"https://github.com/EchoTeam/corman.git",
       {ref,"1c1ae1c0aa97ed1976d9042ac9fb805b51214661"}},
  0},
 {<<"cowboy">>,
  {git,"https://github.com/ninenines/cowboy",
       {ref,"28d3515d716d32d1700fa21e904c613c139d4019"}},
  0},
 {<<"cowlib">>,
  {git,"https://github.com/ninenines/cowlib",
       {ref,"56a3fee151340212c1b7a92344e4ece07fc15010"}},
  1},
 {<<"decimal">>,{pkg,<<"decimal">>,<<"1.8.1">>},1},
 {<<"diffy">>,
  {git,"https://github.com/zotonic/diffy.git",
       {ref,"143648d361dad187c97446e2d3d4d988cf3179a6"}},
  0},
 {<<"eini">>,{pkg,<<"eini">>,<<"1.2.9">>},1},
 {<<"erlcloud">>,
  {git,"https://github.com/erlcloud/erlcloud.git",
       {ref,"f16290b9f856d6ad708b3fe87049abbc8ec93bb4"}},
  0},
 {<<"erlexec">>,
  {git,"https://github.com/saleyn/erlexec.git",
       {ref,"382a3a07e05fcc8f879826b0aee22de4320c008a"}},
  1},
 {<<"erlsom">>,
  {git,"https://github.com/willemdj/erlsom.git",
       {ref,"d5d33cf3d3266109afd70ba6c92756c50e2b9dbc"}},
  0},
 {<<"gen_smtp">>,
  {git,"https://github.com/Vagabond/gen_smtp.git",
       {ref,"6ec763591095e1a0f448a7a602f71a23ff31361b"}},
  0},
 {<<"goldrush">>,{pkg,<<"goldrush">>,<<"0.1.9">>},1},
 {<<"ibrowse">>,
  {git,"git://github.com/cmullaparthi/ibrowse.git",
       {ref,"e8ae353c16d4f0897abb9f80025b52925b974dd1"}},
  1},
 {<<"imetrics">>,
  {git,"https://github.com/Phonebooth/imetrics.git",
       {ref,"15ac3b735ea8d6ccc1d56568504ce50c93aa72e4"}},
  0},
 {<<"jason">>,{pkg,<<"jason">>,<<"1.2.0">>},0},
 {<<"jesse">>,
  {git,"https://github.com/for-GET/jesse.git",
       {ref,"ef0e038a0efa27c7e42fc6cfd963d06eec7c33d8"}},
  0},
 {<<"jsn">>,{pkg,<<"jsn">>,<<"2.1.4">>},0},
 {<<"json_xema">>,{pkg,<<"json_xema">>,<<"0.4.0">>},0},
 {<<"jsx">>,
  {git,"https://github.com/talentdeficit/jsx.git",
       {ref,"fc2a001073f2300ba38427c23e83d5673c020542"}},
  0},
 {<<"lager">>,
  {git,"https://github.com/erlang-lager/lager.git",
       {ref,"bf60290101306b3cc26544d0d181a5cff8931e82"}},
  0},
 {<<"lhttpc">>,{pkg,<<"lhttpc">>,<<"1.6.2">>},1},
 {<<"maps_utils">>,
  {git,"https://github.com/egobrain/maps_utils.git",
       {ref,"0d571c743ff7aa15f0c16177c113109a25d06670"}},
  0},
 {<<"nested">>,{pkg,<<"nested">>,<<"0.1.2">>},0},
 {<<"observer_cli">>,{pkg,<<"observer_cli">>,<<"1.6.0">>},0},
 {<<"p1_utils">>,{pkg,<<"p1_utils">>,<<"1.0.23">>},1},
 {<<"plists">>,
  {git,"https://github.com/silviucpp/plists.git",
       {ref,"be6c911bb9a007f083ba49cd296dc0da7a02e4ca"}},
  0},
 {<<"poolboy">>,{pkg,<<"poolboy">>,<<"1.5.2">>},0},
 {<<"proper">>,{pkg,<<"proper">>,<<"1.2.0">>},1},
 {<<"rabbit_common">>,
  {git,"https://github.com/jbrisbin/rabbit_common.git",
       {ref,"80814606ae23cc820c74e443383e192cd69ec030"}},
  2},
 {<<"ranch">>,
  {git,"https://github.com/ninenines/ranch",
       {ref,"8eaae552ec520605b7f4b0e5943256d2b5e3621c"}},
  1},
 {<<"recon">>,{pkg,<<"recon">>,<<"2.5.1">>},1},
 {<<"rethink">>,
  {git,"https://github.com/relaypro-open/rethink-erlang.git",
       {ref,"d96bc001973c7e7e6c8d6b101f4c38a74d857cd5"}},
  0},
 {<<"rfc3339">>,
  {git,"git://github.com/andreineculau/rfc3339.git",
       {ref,"dcc77d66430490620677de8140a3415dfbd3fa61"}},
  1},
 {<<"ssl_verify_fun">>,{pkg,<<"ssl_verify_fun">>,<<"1.1.5">>},0},
 {<<"thumper">>,
  {git,"https://github.com/relaypro-open/thumper.git",
       {ref,"a4e626ea69c5693f30440f64b285d318fc04986d"}},
  0},
 {<<"unicode_util_compat">>,{pkg,<<"unicode_util_compat">>,<<"0.5.0">>},0},
 {<<"xema">>,{pkg,<<"xema">>,<<"0.11.0">>},1},
 {<<"zotonic_stdlib">>,{pkg,<<"zotonic_stdlib">>,<<"1.0.0-alpha2">>},1}]}.
[
{pkg_hash,[
 {<<"conv_case">>, <<"5A98B74AB8F7DDBAD670E5C7BB39FF280E60699AA3B25C7062CECCF48137433C">>},
 {<<"decimal">>, <<"A4EF3F5F3428BDBC0D35374029FFCF4EDE8533536FA79896DD450168D9ACDF3C">>},
 {<<"eini">>, <<"FCC3CBD49BBDD9A1D9735C7365DAFFCD84481CCE81E6CB80537883AA44AC4895">>},
 {<<"goldrush">>, <<"F06E5D5F1277DA5C413E84D5A2924174182FB108DABB39D5EC548B27424CD106">>},
 {<<"jason">>, <<"10043418C42D2493D0EE212D3FDDD25D7FFE484380AFAD769A0A38795938E448">>},
 {<<"jsn">>, <<"E631213FDB296422381C1927501001205774C91FCD728BF3202CF674C9699C69">>},
 {<<"json_xema">>, <<"377446CD5C0E2CBBA52B9D7AB67C05579E6D4A788335220215A8870EAC821996">>},
 {<<"lhttpc">>, <<"044F16F0018C7AA7E945E9E9406C7F6035E0B8BC08BF77B00C78CE260E1071E3">>},
 {<<"nested">>, <<"D411ABF7FDB6D6BCAC4A0E0769705649870E1046A98899001C282351E57C038D">>},
 {<<"observer_cli">>, <<"F7FFE1C9D43B7BB0ECDBF158D0DD211D44AA505D5510BE580D1F25DCA5627A08">>},
 {<<"p1_utils">>, <<"7F94466ADA69BD982EA7BB80FBCA18E7053E7D0B82C9D9E37621FA508587069B">>},
 {<<"poolboy">>, <<"392B007A1693A64540CEAD79830443ABF5762F5D30CF50BC95CB2C1AAAFA006B">>},
 {<<"proper">>, <<"1466492385959412A02871505434E72E92765958C60DBA144B43863554B505A4">>},
 {<<"recon">>, <<"430FFA60685AC1EFDFB1FE4C97B8767C92D0D92E6E7C3E8621559BA77598678A">>},
 {<<"ssl_verify_fun">>, <<"6EAF7AD16CB568BB01753DBBD7A95FF8B91C7979482B95F38443FE2C8852A79B">>},
 {<<"unicode_util_compat">>, <<"8516502659002CEC19E244EBD90D312183064BE95025A319A6C7E89F4BCCD65B">>},
 {<<"xema">>, <<"7B5118418633CFFC27092110D02D4FAEEA938149DD3F6C64299E41E747067E80">>},
 {<<"zotonic_stdlib">>, <<"62625C995D0ED0DF4DA314BEFA47605D78FEF121A0CAF65521557D6725D40B0A">>}]}
].
