{"1.2.0",
[{<<"amqp_client">>,{pkg,<<"amqp_client">>,<<"3.11.13">>},1},
 {<<"base16">>,
  {git,"https://github.com/esl/base16.git",
       {ref,"d7b939e0857208bf080bfb0fe5bcb91536007259"}},
  0},
 {<<"bear">>,{pkg,<<"bear">>,<<"1.0.0">>},3},
 {<<"cache_tab">>,{pkg,<<"cache_tab">>,<<"1.0.30">>},0},
 {<<"cowboy">>,
  {git,"https://github.com/ninenines/cowboy",
       {ref,"9e600f6c1df3c440bc196b66ebbc005d70107217"}},
  0},
 {<<"cowboy_access_log">>,
  {git,"https://github.com/rbkmoney/cowboy_access_log.git",
       {ref,"04da359e022cf05c5c93812504d5791d6bc97453"}},
  0},
 {<<"cowlib">>,
  {git,"https://github.com/ninenines/cowlib",
       {ref,"cc04201c1d0e1d5603cd1cde037ab729b192634c"}},
  1},
 {<<"credentials_obfuscation">>,
  {pkg,<<"credentials_obfuscation">>,<<"3.2.0">>},
  3},
 {<<"diffy">>,
  {git,"https://github.com/zotonic/diffy.git",
       {ref,"9698042df56c12b24a46706801afcf02af093c51"}},
  0},
 {<<"eel">>,
  {git,"https://github.com/williamthome/eel.git",
       {ref,"7f19388fbbcbe1dfba90c49ccd3b03bb68dce78e"}},
  0},
 {<<"eini">>,{pkg,<<"eini">>,<<"1.2.9">>},1},
 {<<"eqwalizer_support">>,
  {git_subdir,"https://github.com/whatsapp/eqwalizer.git",
              {ref,"4531d5207dba6bdd82c3fd4adf68a61f7d569874"},
              "eqwalizer_support"},
  0},
 {<<"erlcloud">>,
  {git,"https://github.com/erlcloud/erlcloud.git",
       {ref,"b4adace81f337f019be427d742b6f0f936833840"}},
  0},
 {<<"erlsom">>,
  {git,"https://github.com/willemdj/erlsom.git",
       {ref,"871c5387a6d36039dd2fa8319b243343dd64ecf7"}},
  0},
 {<<"exometer_core">>,{pkg,<<"exometer_core">>,<<"1.6.2">>},1},
 {<<"flatlog">>,
  {git,"https://github.com/ferd/flatlog.git",
       {ref,"553ef2b09c8a3d2b02c7395251cee397f7cb3839"}},
  0},
 {<<"folsom">>,{pkg,<<"folsom">>,<<"1.0.0">>},2},
 {<<"fs">>,{pkg,<<"fs">>,<<"6.1.1">>},1},
 {<<"gen_smtp">>,
  {git,"https://github.com/Vagabond/gen_smtp.git",
       {ref,"685fc92893297d8d726cae1029b9568ae79a0ead"}},
  0},
 {<<"genlib">>,
  {git,"https://github.com/rbkmoney/genlib.git",
       {ref,"941b8c8d4dc544b740a2429ea8381c3873e5fe75"}},
  1},
 {<<"gproc">>,{pkg,<<"gproc">>,<<"0.9.0">>},1},
 {<<"hut">>,{pkg,<<"hut">>,<<"1.3.0">>},2},
 {<<"imetrics">>,
  {git,"https://github.com/relaypro-open/imetrics.git",
       {ref,"c1089cdc8a7ced5c991c2d99c8e3157946ba8541"}},
  0},
 {<<"jesse">>,
  {git,"https://github.com/for-GET/jesse.git",
       {ref,"37fee7373db7eac85dda6ede0d7cc93c10f69475"}},
  0},
 {<<"jsn">>,{pkg,<<"jsn">>,<<"2.2.2">>},0},
 {<<"jsx">>,
  {git,"https://github.com/talentdeficit/jsx.git",
       {ref,"fc2a001073f2300ba38427c23e83d5673c020542"}},
  0},
 {<<"lhttpc">>,{pkg,<<"lhttpc">>,<<"1.6.2">>},1},
 {<<"logger_logstash_formatter">>,
  {git,"https://github.com/valitydev/logger_logstash_formatter.git",
       {ref,"08a66a6001ad5db73a05b836e7a0c9edb192532a"}},
  0},
 {<<"maps_utils">>,
  {git,"https://github.com/egobrain/maps_utils.git",
       {ref,"f4ea5162d88823f2b1e9380b66b55fcd6fdb82ed"}},
  0},
 {<<"nested">>,{pkg,<<"nested">>,<<"0.1.2">>},0},
 {<<"observer_cli">>,{pkg,<<"observer_cli">>,<<"1.7.4">>},0},
 {<<"p1_utils">>,{pkg,<<"p1_utils">>,<<"1.0.25">>},1},
 {<<"parse_trans">>,{pkg,<<"parse_trans">>,<<"3.4.1">>},2},
 {<<"plists">>,
  {git,"https://github.com/silviucpp/plists.git",
       {ref,"be6c911bb9a007f083ba49cd296dc0da7a02e4ca"}},
  0},
 {<<"poolboy">>,{pkg,<<"poolboy">>,<<"1.5.2">>},0},
 {<<"proper">>,{pkg,<<"proper">>,<<"1.2.0">>},1},
 {<<"quickrand">>,{pkg,<<"quickrand">>,<<"2.0.7">>},2},
 {<<"rabbit_common">>,{pkg,<<"rabbit_common">>,<<"3.11.13">>},2},
 {<<"ranch">>,
  {git,"https://github.com/ninenines/ranch",
       {ref,"a692f44567034dacf5efcaa24a24183788594eb7"}},
  1},
 {<<"recon">>,
  {git,"https://github.com/ferd/recon.git",
       {ref,"9efec263d84d0435230f4d3312a4afb352b8f71c"}},
  0},
 {<<"rethink">>,
  {git,"https://github.com/relaypro-open/rethink-erlang.git",
       {ref,"489adfb9578943c97469e524373904b8e54f069a"}},
  0},
 {<<"setup">>,{pkg,<<"setup">>,<<"2.1.0">>},2},
 {<<"ssl_verify_fun">>,{pkg,<<"ssl_verify_fun">>,<<"1.1.6">>},0},
 {<<"sync">>,
  {git,"https://github.com/rustyio/sync.git",
       {ref,"7dc303ed4ce8d26db82e171dbbd7c41067852c65"}},
  0},
 {<<"thoas">>,
  {git,"https://github.com/Inkwell-Data/thoas.git",
       {ref,"653d70698fda22773de10f869ca6e957cf6ab421"}},
  3},
 {<<"turtle">>,
  {git,"https://github.com/relaypro-open/turtle.git",
       {ref,"f05dc9d416459d0b011c5398301d9ea0e8eea156"}},
  0},
 {<<"uuid">>,{pkg,<<"uuid_erl">>,<<"2.0.5">>},1},
 {<<"zotonic_stdlib">>,{pkg,<<"zotonic_stdlib">>,<<"1.2.3">>},1}]}.
[
{pkg_hash,[
 {<<"amqp_client">>, <<"DDCF0859E80E56081B2436DE0906D13FA616E62775A32422F34E0EFAEBEC0011">>},
 {<<"bear">>, <<"430419C1126B477686CDE843E88BA0F2C7DC5CDF0881C677500074F704339A99">>},
 {<<"cache_tab">>, <<"6D35EECFB65FBE5FC85988503A27338D32DE01243F3FC8EA3EE7161AF08725A4">>},
 {<<"credentials_obfuscation">>, <<"BECF48ED7C96938600F88F486031BCBF9B9C4E3353CC314CA131C347C4C7815C">>},
 {<<"eini">>, <<"FCC3CBD49BBDD9A1D9735C7365DAFFCD84481CCE81E6CB80537883AA44AC4895">>},
 {<<"exometer_core">>, <<"E480FBD9CF3BECFCA15805BDD42C39CD855CF701C2F0204BAD9C096C74FDCAA8">>},
 {<<"folsom">>, <<"50ECC998D2149939F1D5E0AA3E32788F8ED16A58E390D81B5C0BE4CC4EF25589">>},
 {<<"fs">>, <<"9D147B944D60CFA48A349F12D06C8EE71128F610C90870BDF9A6773206452ED0">>},
 {<<"gproc">>, <<"853CCB7805E9ADA25D227A157BA966F7B34508F386A3E7E21992B1B484230699">>},
 {<<"hut">>, <<"71F2F054E657C03F959CF1ACC43F436EA87580696528CA2A55C8AFB1B06C85E7">>},
 {<<"jsn">>, <<"04C32D23AE8788719BE81250DB06C45100113CF6FC3D83C40FA4FF40C04476C8">>},
 {<<"lhttpc">>, <<"044F16F0018C7AA7E945E9E9406C7F6035E0B8BC08BF77B00C78CE260E1071E3">>},
 {<<"nested">>, <<"D411ABF7FDB6D6BCAC4A0E0769705649870E1046A98899001C282351E57C038D">>},
 {<<"observer_cli">>, <<"3C1BFB6D91BF68F6A3D15F46AE20DA0F7740D363EE5BC041191CE8722A6C4FAE">>},
 {<<"p1_utils">>, <<"2D39B5015A567BBD2CC7033EEB93A7C60D8C84EFE1EF69A3473FAA07FA268187">>},
 {<<"parse_trans">>, <<"6E6AA8167CB44CC8F39441D05193BE6E6F4E7C2946CB2759F015F8C56B76E5FF">>},
 {<<"poolboy">>, <<"392B007A1693A64540CEAD79830443ABF5762F5D30CF50BC95CB2C1AAAFA006B">>},
 {<<"proper">>, <<"1466492385959412A02871505434E72E92765958C60DBA144B43863554B505A4">>},
 {<<"quickrand">>, <<"D2BD76676A446E6A058D678444B7FDA1387B813710D1AF6D6E29BB92186C8820">>},
 {<<"rabbit_common">>, <<"9797373B8CECB53D762EDA729BAD974D2A5952C8BB498D33E64790F2D42F9A16">>},
 {<<"setup">>, <<"05F69185A5EB71474C9BC6BA892565651EC7507791F85632B7B914DBFE130510">>},
 {<<"ssl_verify_fun">>, <<"CF344F5692C82D2CD7554F5EC8FD961548D4FD09E7D22F5B62482E5AEAEBD4B0">>},
 {<<"uuid">>, <<"60FAEEB7EDFD40847ED13CB0DD1044BAABE4E79A00C0CA9C4D13A073914B1016">>},
 {<<"zotonic_stdlib">>, <<"4A33B60C82379169C9934CCD1FC9E512CA16B922E131AD6B6D26E562F66DF9CC">>}]},
{pkg_hash_ext,[
 {<<"amqp_client">>, <<"A9B29CEAD92DAA811313BEA5DA78B9B22C58B7F06ACA3CCB9E6B3943832A25F0">>},
 {<<"bear">>, <<"157B67901ADF84FF0DA6EAE035CA1292A0AC18AA55148154D8C582B2C68959DB">>},
 {<<"cache_tab">>, <<"6D8A5E00D8F84C42627706A6DBEDB02E34D58495F3ED61935C8475CA0531CDA0">>},
 {<<"credentials_obfuscation">>, <<"FE8ECE91A1BA6C8A08EB1063CFD5B063A723C5FE29A1FAD6B7CBD76CB18D2EEB">>},
 {<<"eini">>, <<"DA64AE8DB7C2F502E6F20CDF44CD3D9BE364412B87FF49FEBF282540F673DFCB">>},
 {<<"exometer_core">>, <<"287F9ADA56961933D8DF913CC140BB0BDCFF2545E33AB94D04B668E09626E297">>},
 {<<"folsom">>, <<"DD6AB97278E94F9E4CFC43E188224A7B8C7EAEC0DD2E935007005177F3EEBB0E">>},
 {<<"fs">>, <<"EF94E95FFE79916860649FED80AC62B04C322B0BB70F5128144C026B4D171F8B">>},
 {<<"gproc">>, <<"587E8AF698CCD3504CF4BA8D90F893EDE2B0F58CABB8A916E2BF9321DE3CF10B">>},
 {<<"hut">>, <<"7E15D28555D8A1F2B5A3A931EC120AF0753E4853A4C66053DB354F35BF9AB563">>},
 {<<"jsn">>, <<"9C6AE38697794694F87A078E1A9E597D4D7B1CCFFC359F98655F7B274F4E8F9A">>},
 {<<"lhttpc">>, <<"76B5FA6149D1E10D4B1FBC4EBD51D371DB19C1AB9F0A9ECF5B526440DF064E97">>},
 {<<"nested">>, <<"9CC79D6072C89FB5B5AB5F3FEFEECE3CC6C26097EE86381B66817D97E55DFC6E">>},
 {<<"observer_cli">>, <<"50DE6D95D814F447458BD5D72666A74624EDDB0EF98BDCEE61A0153AAE0865FF">>},
 {<<"p1_utils">>, <<"9219214428F2C6E5D3187FF8EB9A8783695C2427420BE9A259840E07ADA32847">>},
 {<<"parse_trans">>, <<"620A406CE75DADA827B82E453C19CF06776BE266F5A67CFF34E1EF2CBB60E49A">>},
 {<<"poolboy">>, <<"DAD79704CE5440F3D5A3681C8590B9DC25D1A561E8F5A9C995281012860901E3">>},
 {<<"proper">>, <<"CBC3766C08337806741343D330BF4BCB826155D2141BE8514C4B02858AA19FD3">>},
 {<<"quickrand">>, <<"B8ACBF89A224BC217C3070CA8BEBC6EB236DBE7F9767993B274084EA044D35F0">>},
 {<<"rabbit_common">>, <<"3D23B60853E92D372FF3541FA333987AFB118855542C486962C5C656954D55AF">>},
 {<<"setup">>, <<"EFD072578F0CF85BEA96CAAFFC7ADB0992398272522660A136E10567377071C5">>},
 {<<"ssl_verify_fun">>, <<"BDB0D2471F453C88FF3908E7686F86F9BE327D065CC1EC16FA4540197EA04680">>},
 {<<"uuid">>, <<"E54373262CA88401689277947C54B95E9ECBC977BD5C57C9DD44AD9DA278E360">>},
 {<<"zotonic_stdlib">>, <<"4712DD7A0C0C600AFEDAFDA738D40FEBF10CFC2485E62D109361FCC190F7381A">>}]}
].
